
Microsoft Visual Studio Solution File, Format Version 12.00
# Visual Studio Version 16
VisualStudioVersion = 16.0.30907.101
MinimumVisualStudioVersion = 10.0.40219.1
Project("{FAE04EC0-301F-11D3-BF4B-00C04F79EFBC}") = "UnitTests", "UnitTests\UnitTests.csproj", "{F9C378C3-EC16-4BF8-A16F-CC6BADBB87AE}"
EndProject
Project("{9A19103F-16F7-4668-BE54-9A1E7A4F7556}") = "AnyContainer", "AnyContainer\AnyContainer.csproj", "{E7DBF37E-B432-4258-BF08-C641D8D1630A}"
EndProject
Project("{9A19103F-16F7-4668-BE54-9A1E7A4F7556}") = "AnyContainer.DryIoc", "AnyContainer.DryIoc\AnyContainer.DryIoc.csproj", "{E9EA6A72-DDAD-482F-8AAC-77FBEE18F6C2}"
EndProject
Project("{9A19103F-16F7-4668-BE54-9A1E7A4F7556}") = "AnyContainer.Unity", "AnyContainer.Unity\AnyContainer.Unity.csproj", "{B4DE18C1-00B0-4BDD-BC00-1123754B6928}"
EndProject
Project("{9A19103F-16F7-4668-BE54-9A1E7A4F7556}") = "AnyContainer.SimpleInjector", "AnyContainer.SimpleInjector\AnyContainer.SimpleInjector.csproj", "{2B644A0F-8C50-48DD-A254-547CC58D34DB}"
EndProject
Project("{FAE04EC0-301F-11D3-BF4B-00C04F79EFBC}") = "AnyContainer.SimpleInjector.Web", "AnyContainer.SimpleInjector.Web\AnyContainer.SimpleInjector.Web.csproj", "{AF7EB67B-B1E5-4014-BEF5-C38C2C4DB231}"
EndProject
Global
	GlobalSection(SolutionConfigurationPlatforms) = preSolution
		Debug|Any CPU = Debug|Any CPU
		Release|Any CPU = Release|Any CPU
		Release-NuGet|Any CPU = Release-NuGet|Any CPU
	EndGlobalSection
	GlobalSection(ProjectConfigurationPlatforms) = postSolution
		{F9C378C3-EC16-4BF8-A16F-CC6BADBB87AE}.Debug|Any CPU.ActiveCfg = Debug|Any CPU
		{F9C378C3-EC16-4BF8-A16F-CC6BADBB87AE}.Debug|Any CPU.Build.0 = Debug|Any CPU
		{F9C378C3-EC16-4BF8-A16F-CC6BADBB87AE}.Release|Any CPU.ActiveCfg = Release|Any CPU
		{F9C378C3-EC16-4BF8-A16F-CC6BADBB87AE}.Release|Any CPU.Build.0 = Release|Any CPU
		{F9C378C3-EC16-4BF8-A16F-CC6BADBB87AE}.Release-NuGet|Any CPU.ActiveCfg = Release|Any CPU
		{E7DBF37E-B432-4258-BF08-C641D8D1630A}.Debug|Any CPU.ActiveCfg = Debug|Any CPU
		{E7DBF37E-B432-4258-BF08-C641D8D1630A}.Debug|Any CPU.Build.0 = Debug|Any CPU
		{E7DBF37E-B432-4258-BF08-C641D8D1630A}.Release|Any CPU.ActiveCfg = Release|Any CPU
		{E7DBF37E-B432-4258-BF08-C641D8D1630A}.Release|Any CPU.Build.0 = Release|Any CPU
		{E7DBF37E-B432-4258-BF08-C641D8D1630A}.Release-NuGet|Any CPU.ActiveCfg = Release|Any CPU
		{E7DBF37E-B432-4258-BF08-C641D8D1630A}.Release-NuGet|Any CPU.Build.0 = Release|Any CPU
		{E9EA6A72-DDAD-482F-8AAC-77FBEE18F6C2}.Debug|Any CPU.ActiveCfg = Debug|Any CPU
		{E9EA6A72-DDAD-482F-8AAC-77FBEE18F6C2}.Debug|Any CPU.Build.0 = Debug|Any CPU
		{E9EA6A72-DDAD-482F-8AAC-77FBEE18F6C2}.Release|Any CPU.ActiveCfg = Release|Any CPU
		{E9EA6A72-DDAD-482F-8AAC-77FBEE18F6C2}.Release|Any CPU.Build.0 = Release|Any CPU
		{E9EA6A72-DDAD-482F-8AAC-77FBEE18F6C2}.Release-NuGet|Any CPU.ActiveCfg = Release|Any CPU
		{E9EA6A72-DDAD-482F-8AAC-77FBEE18F6C2}.Release-NuGet|Any CPU.Build.0 = Release|Any CPU
		{B4DE18C1-00B0-4BDD-BC00-1123754B6928}.Debug|Any CPU.ActiveCfg = Debug|Any CPU
		{B4DE18C1-00B0-4BDD-BC00-1123754B6928}.Debug|Any CPU.Build.0 = Debug|Any CPU
		{B4DE18C1-00B0-4BDD-BC00-1123754B6928}.Release|Any CPU.ActiveCfg = Release|Any CPU
		{B4DE18C1-00B0-4BDD-BC00-1123754B6928}.Release|Any CPU.Build.0 = Release|Any CPU
		{B4DE18C1-00B0-4BDD-BC00-1123754B6928}.Release-NuGet|Any CPU.ActiveCfg = Release|Any CPU
		{B4DE18C1-00B0-4BDD-BC00-1123754B6928}.Release-NuGet|Any CPU.Build.0 = Release|Any CPU
		{2B644A0F-8C50-48DD-A254-547CC58D34DB}.Debug|Any CPU.ActiveCfg = Debug|Any CPU
		{2B644A0F-8C50-48DD-A254-547CC58D34DB}.Debug|Any CPU.Build.0 = Debug|Any CPU
		{2B644A0F-8C50-48DD-A254-547CC58D34DB}.Release|Any CPU.ActiveCfg = Release|Any CPU
		{2B644A0F-8C50-48DD-A254-547CC58D34DB}.Release|Any CPU.Build.0 = Release|Any CPU
		{2B644A0F-8C50-48DD-A254-547CC58D34DB}.Release-NuGet|Any CPU.ActiveCfg = Release|Any CPU
		{2B644A0F-8C50-48DD-A254-547CC58D34DB}.Release-NuGet|Any CPU.Build.0 = Release|Any CPU
		{AF7EB67B-B1E5-4014-BEF5-C38C2C4DB231}.Debug|Any CPU.ActiveCfg = Debug|Any CPU
		{AF7EB67B-B1E5-4014-BEF5-C38C2C4DB231}.Debug|Any CPU.Build.0 = Debug|Any CPU
		{AF7EB67B-B1E5-4014-BEF5-C38C2C4DB231}.Release|Any CPU.ActiveCfg = Release|Any CPU
		{AF7EB67B-B1E5-4014-BEF5-C38C2C4DB231}.Release|Any CPU.Build.0 = Release|Any CPU
		{AF7EB67B-B1E5-4014-BEF5-C38C2C4DB231}.Release-NuGet|Any CPU.ActiveCfg = Release|Any CPU
		{AF7EB67B-B1E5-4014-BEF5-C38C2C4DB231}.Release-NuGet|Any CPU.Build.0 = Release|Any CPU
	EndGlobalSection
	GlobalSection(SolutionProperties) = preSolution
		HideSolutionNode = FALSE
	EndGlobalSection
	GlobalSection(ExtensibilityGlobals) = postSolution
		SolutionGuid = {EC187D70-677E-4691-8FD9-6D82F6626C60}
	EndGlobalSection
EndGlobal
